{
  "name": "boardroom-booker",
  "version": "1.0.0",
  "lockfileVersion": 3,
  "requires": true,
  "packages": {
    "": {
      "name": "boardroom-booker",
      "version": "1.0.0",
      "license": "ISC",
      "dependencies": {
        "@fullcalendar/core": "^6.1.18",
        "@fullcalendar/daygrid": "^6.1.18",
        "@fullcalendar/interaction": "^6.1.18",
        "@fullcalendar/timegrid": "^6.1.18",
        "htmx.org": "^2.0.6"
      }
    },
    "node_modules/@fullcalendar/core": {
      "version": "6.1.18",
      "resolved": "https://registry.npmjs.org/@fullcalendar/core/-/core-6.1.18.tgz",
      "integrity": "sha512-cD7XtZIZZ87Cg2+itnpsONCsZ89VIfLLDZ22pQX4IQVWlpYUB3bcCf878DhWkqyEen6dhi5ePtBoqYgm5K+0fQ==",
      "license": "MIT",
      "dependencies": {
        "preact": "~10.12.1"
      }
    },
    "node_modules/@fullcalendar/daygrid": {
      "version": "6.1.18",
      "resolved": "https://registry.npmjs.org/@fullcalendar/daygrid/-/daygrid-6.1.18.tgz",
      "integrity": "sha512-s452Zle1SdMEzZDw+pDczm8m3JLIZzS9ANMThXTnqeqJewW1gqNFYas18aHypJSgF9Fh9rDJjTSUw04BpXB/Mg==",
      "license": "MIT",
      "peerDependencies": {
        "@fullcalendar/core": "~6.1.18"
      }
    },
    "node_modules/@fullcalendar/interaction": {
      "version": "6.1.18",
      "resolved": "https://registry.npmjs.org/@fullcalendar/interaction/-/interaction-6.1.18.tgz",
      "integrity": "sha512-f/mD5RTjzw+Q6MGTMZrLCgIrQLIUUO9NV/58aM2J6ZBQZeRlNizDqmqldqyG+j49zj2vFhUfZibPrVKWm5yA4Q==",
      "license": "MIT",
      "peerDependencies": {
        "@fullcalendar/core": "~6.1.18"
      }
    },
    "node_modules/@fullcalendar/timegrid": {
      "version": "6.1.18",
      "resolved": "https://registry.npmjs.org/@fullcalendar/timegrid/-/timegrid-6.1.18.tgz",
      "integrity": "sha512-T/ouhs+T1tM8JcW7Cjx+KiohL/qQWKqvRITwjol8ktJ1e1N/6noC40/obR1tyolqOxMRWHjJkYoj9fUqfoez9A==",
      "license": "MIT",
      "dependencies": {
        "@fullcalendar/daygrid": "~6.1.18"
      },
      "peerDependencies": {
        "@fullcalendar/core": "~6.1.18"
      }
    },
    "node_modules/htmx.org": {
      "version": "2.0.6",
      "resolved": "https://registry.npmjs.org/htmx.org/-/htmx.org-2.0.6.tgz",
      "integrity": "sha512-7ythjYneGSk3yCHgtCnQeaoF+D+o7U2LF37WU3O0JYv3gTZSicdEFiI/Ai/NJyC5ZpYJWMpUb11OC5Lr6AfAqA==",
      "license": "0BSD"
    },
    "node_modules/preact": {
      "version": "10.12.1",
      "resolved": "https://registry.npmjs.org/preact/-/preact-10.12.1.tgz",
      "integrity": "sha512-l8386ixSsBdbreOAkqtrwqHwdvR35ID8c3rKPa8lCWuO86dBi32QWHV4vfsZK1utLLFMvw+Z5Ad4XLkZzchscg==",
      "license": "MIT",
      "funding": {
        "type": "opencollective",
        "url": "https://opencollective.com/preact"
      }
    }
  }
}
